
Microsoft Visual Studio Solution File, Format Version 12.00
# Visual Studio Version 17
VisualStudioVersion = 17.5.002.0
MinimumVisualStudioVersion = 10.0.40219.1
Project("{9A19103F-16F7-4668-BE54-9A1E7A4F7556}") = "Drivers.Api", "Drivers.Api\Drivers.Api.csproj", "{2B9E2063-BC22-4294-A226-FDEE17BB6EF3}"
EndProject
Global
	GlobalSection(SolutionConfigurationPlatforms) = preSolution
		Debug|Any CPU = Debug|Any CPU
		Release|Any CPU = Release|Any CPU
	EndGlobalSection
	GlobalSection(ProjectConfigurationPlatforms) = postSolution
		{2B9E2063-BC22-4294-A226-FDEE17BB6EF3}.Debug|Any CPU.ActiveCfg = Debug|Any CPU
		{2B9E2063-BC22-4294-A226-FDEE17BB6EF3}.Debug|Any CPU.Build.0 = Debug|Any CPU
		{2B9E2063-BC22-4294-A226-FDEE17BB6EF3}.Release|Any CPU.ActiveCfg = Release|Any CPU
		{2B9E2063-BC22-4294-A226-FDEE17BB6EF3}.Release|Any CPU.Build.0 = Release|Any CPU
	EndGlobalSection
	GlobalSection(SolutionProperties) = preSolution
		HideSolutionNode = FALSE
	EndGlobalSection
	GlobalSection(ExtensibilityGlobals) = postSolution
		SolutionGuid = {8ABA6E25-F147-4D41-A325-8301C486D8E2}
	EndGlobalSection
EndGlobal
